// !$*UTF8*$!
{
	archiveVersion = 1;
	classes = {
	};
	objectVersion = 50;
	objects = {

/* Begin PBXBuildFile section */
		45285CC4249771D600018EEF /* ItemPlayer.h in Headers */ = {isa = PBXBuildFile; fileRef = 45285CC2249771D600018EEF /* ItemPlayer.h */; settings = {ATTRIBUTES = (Public, ); }; };
		45285CDD2497722900018EEF /* CachePlayerItem.swift in Sources */ = {isa = PBXBuildFile; fileRef = 45285CCE2497722900018EEF /* CachePlayerItem.swift */; };
		45285CDE2497722900018EEF /* CachedItemResourceLoader.swift in Sources */ = {isa = PBXBuildFile; fileRef = 45285CCF2497722900018EEF /* CachedItemResourceLoader.swift */; };
		45285CDF2497722900018EEF /* CacheFilePathHelper.swift in Sources */ = {isa = PBXBuildFile; fileRef = 45285CD12497722900018EEF /* CacheFilePathHelper.swift */; };
		45285CE02497722900018EEF /* FileDownlaodingManager.swift in Sources */ = {isa = PBXBuildFile; fileRef = 45285CD22497722900018EEF /* FileDownlaodingManager.swift */; };
		45285CE12497722900018EEF /* CachePrinter.swift in Sources */ = {isa = PBXBuildFile; fileRef = 45285CD32497722900018EEF /* CachePrinter.swift */; };
		45285CE22497722900018EEF /* CacheFileHandler.swift in Sources */ = {isa = PBXBuildFile; fileRef = 45285CD52497722900018EEF /* CacheFileHandler.swift */; };
		45285CE32497722900018EEF /* CacheDownloader.swift in Sources */ = {isa = PBXBuildFile; fileRef = 45285CD62497722900018EEF /* CacheDownloader.swift */; };
		45285CE52497722900018EEF /* BasicFileData.swift in Sources */ = {isa = PBXBuildFile; fileRef = 45285CD82497722900018EEF /* BasicFileData.swift */; };
		45285CE62497722900018EEF /* CacheMetaData.swift in Sources */ = {isa = PBXBuildFile; fileRef = 45285CD92497722900018EEF /* CacheMetaData.swift */; };
		45285CE72497722900018EEF /* PreDownloadManager.swift in Sources */ = {isa = PBXBuildFile; fileRef = 45285CDB2497722900018EEF /* PreDownloadManager.swift */; };
		45285CE82497722900018EEF /* ItemPlayer.swift in Sources */ = {isa = PBXBuildFile; fileRef = 45285CDC2497722900018EEF /* ItemPlayer.swift */; };
		45285CF32497832F00018EEF /* ExceptionCatcher.h in Headers */ = {isa = PBXBuildFile; fileRef = 45285CF22497832F00018EEF /* ExceptionCatcher.h */; settings = {ATTRIBUTES = (Public, ); }; };
		AE4996182743BF360056BEEA /* NewCacheDownloader.swift in Sources */ = {isa = PBXBuildFile; fileRef = AE4996172743BF360056BEEA /* NewCacheDownloader.swift */; };
		AEC608EC2684370F0068DE68 /* ItemPlayerObserverControl.swift in Sources */ = {isa = PBXBuildFile; fileRef = AEC608EB2684370F0068DE68 /* ItemPlayerObserverControl.swift */; };
/* End PBXBuildFile section */

/* Begin PBXFileReference section */
		45285CBF249771D600018EEF /* ItemPlayer.framework */ = {isa = PBXFileReference; explicitFileType = wrapper.framework; includeInIndex = 0; path = ItemPlayer.framework; sourceTree = BUILT_PRODUCTS_DIR; };
		45285CC2249771D600018EEF /* ItemPlayer.h */ = {isa = PBXFileReference; lastKnownFileType = sourcecode.c.h; path = ItemPlayer.h; sourceTree = "<group>"; };
		45285CC3249771D600018EEF /* Info.plist */ = {isa = PBXFileReference; lastKnownFileType = text.plist.xml; path = Info.plist; sourceTree = "<group>"; };
		45285CCE2497722900018EEF /* CachePlayerItem.swift */ = {isa = PBXFileReference; fileEncoding = 4; lastKnownFileType = sourcecode.swift; path = CachePlayerItem.swift; sourceTree = "<group>"; };
		45285CCF2497722900018EEF /* CachedItemResourceLoader.swift */ = {isa = PBXFileReference; fileEncoding = 4; lastKnownFileType = sourcecode.swift; path = CachedItemResourceLoader.swift; sourceTree = "<group>"; };
		45285CD12497722900018EEF /* CacheFilePathHelper.swift */ = {isa = PBXFileReference; fileEncoding = 4; lastKnownFileType = sourcecode.swift; path = CacheFilePathHelper.swift; sourceTree = "<group>"; };
		45285CD22497722900018EEF /* FileDownlaodingManager.swift */ = {isa = PBXFileReference; fileEncoding = 4; lastKnownFileType = sourcecode.swift; path = FileDownlaodingManager.swift; sourceTree = "<group>"; };
		45285CD32497722900018EEF /* CachePrinter.swift */ = {isa = PBXFileReference; fileEncoding = 4; lastKnownFileType = sourcecode.swift; path = CachePrinter.swift; sourceTree = "<group>"; };
		45285CD52497722900018EEF /* CacheFileHandler.swift */ = {isa = PBXFileReference; fileEncoding = 4; lastKnownFileType = sourcecode.swift; path = CacheFileHandler.swift; sourceTree = "<group>"; };
		45285CD62497722900018EEF /* CacheDownloader.swift */ = {isa = PBXFileReference; fileEncoding = 4; lastKnownFileType = sourcecode.swift; path = CacheDownloader.swift; sourceTree = "<group>"; };
		45285CD82497722900018EEF /* BasicFileData.swift */ = {isa = PBXFileReference; fileEncoding = 4; lastKnownFileType = sourcecode.swift; path = BasicFileData.swift; sourceTree = "<group>"; };
		45285CD92497722900018EEF /* CacheMetaData.swift */ = {isa = PBXFileReference; fileEncoding = 4; lastKnownFileType = sourcecode.swift; path = CacheMetaData.swift; sourceTree = "<group>"; };
		45285CDB2497722900018EEF /* PreDownloadManager.swift */ = {isa = PBXFileReference; fileEncoding = 4; lastKnownFileType = sourcecode.swift; path = PreDownloadManager.swift; sourceTree = "<group>"; };
		45285CDC2497722900018EEF /* ItemPlayer.swift */ = {isa = PBXFileReference; fileEncoding = 4; lastKnownFileType = sourcecode.swift; path = ItemPlayer.swift; sourceTree = "<group>"; };
		45285CF22497832F00018EEF /* ExceptionCatcher.h */ = {isa = PBXFileReference; fileEncoding = 4; lastKnownFileType = sourcecode.c.h; path = ExceptionCatcher.h; sourceTree = "<group>"; };
		AE4996172743BF360056BEEA /* NewCacheDownloader.swift */ = {isa = PBXFileReference; lastKnownFileType = sourcecode.swift; path = NewCacheDownloader.swift; sourceTree = "<group>"; };
		AEC608EB2684370F0068DE68 /* ItemPlayerObserverControl.swift */ = {isa = PBXFileReference; lastKnownFileType = sourcecode.swift; path = ItemPlayerObserverControl.swift; sourceTree = "<group>"; };
/* End PBXFileReference section */

/* Begin PBXFrameworksBuildPhase section */
		45285CBC249771D600018EEF /* Frameworks */ = {
			isa = PBXFrameworksBuildPhase;
			buildActionMask = 2147483647;
			files = (
			);
			runOnlyForDeploymentPostprocessing = 0;
		};
/* End PBXFrameworksBuildPhase section */

/* Begin PBXGroup section */
		45285CB5249771D600018EEF = {
			isa = PBXGroup;
			children = (
				45285CC1249771D600018EEF /* ItemPlayer */,
				45285CC0249771D600018EEF /* Products */,
			);
			sourceTree = "<group>";
		};
		45285CC0249771D600018EEF /* Products */ = {
			isa = PBXGroup;
			children = (
				45285CBF249771D600018EEF /* ItemPlayer.framework */,
			);
			name = Products;
			sourceTree = "<group>";
		};
		45285CC1249771D600018EEF /* ItemPlayer */ = {
			isa = PBXGroup;
			children = (
				45285CC2249771D600018EEF /* ItemPlayer.h */,
				45285CCB2497722900018EEF /* Player */,
				45285CC3249771D600018EEF /* Info.plist */,
			);
			path = ItemPlayer;
			sourceTree = "<group>";
		};
		45285CCB2497722900018EEF /* Player */ = {
			isa = PBXGroup;
			children = (
				AEC608EB2684370F0068DE68 /* ItemPlayerObserverControl.swift */,
				45285CDC2497722900018EEF /* ItemPlayer.swift */,
				45285CCC2497722900018EEF /* AVPlayerCache */,
				45285CDA2497722900018EEF /* PreDownload */,
			);
			path = Player;
			sourceTree = "<group>";
		};
		45285CCC2497722900018EEF /* AVPlayerCache */ = {
			isa = PBXGroup;
			children = (
				45285CD02497722900018EEF /* BasicHelper */,
				45285CD42497722900018EEF /* Cache */,
				45285CCD2497722900018EEF /* CachedResourceLoader */,
			);
			path = AVPlayerCache;
			sourceTree = "<group>";
		};
		45285CCD2497722900018EEF /* CachedResourceLoader */ = {
			isa = PBXGroup;
			children = (
				45285CCF2497722900018EEF /* CachedItemResourceLoader.swift */,
				45285CCE2497722900018EEF /* CachePlayerItem.swift */,
			);
			path = CachedResourceLoader;
			sourceTree = "<group>";
		};
		45285CD02497722900018EEF /* BasicHelper */ = {
			isa = PBXGroup;
			children = (
				45285CD32497722900018EEF /* CachePrinter.swift */,
				45285CD12497722900018EEF /* CacheFilePathHelper.swift */,
				45285CD22497722900018EEF /* FileDownlaodingManager.swift */,
			);
			path = BasicHelper;
			sourceTree = "<group>";
		};
		45285CD42497722900018EEF /* Cache */ = {
			isa = PBXGroup;
			children = (
				AE4996172743BF360056BEEA /* NewCacheDownloader.swift */,
				45285CD82497722900018EEF /* BasicFileData.swift */,
				45285CD92497722900018EEF /* CacheMetaData.swift */,
				45285CD62497722900018EEF /* CacheDownloader.swift */,
				45285CD52497722900018EEF /* CacheFileHandler.swift */,
				45285CF22497832F00018EEF /* ExceptionCatcher.h */,
			);
			path = Cache;
			sourceTree = "<group>";
		};
		45285CDA2497722900018EEF /* PreDownload */ = {
			isa = PBXGroup;
			children = (
				45285CDB2497722900018EEF /* PreDownloadManager.swift */,
			);
			path = PreDownload;
			sourceTree = "<group>";
		};
/* End PBXGroup section */

/* Begin PBXHeadersBuildPhase section */
		45285CBA249771D600018EEF /* Headers */ = {
			isa = PBXHeadersBuildPhase;
			buildActionMask = 2147483647;
			files = (
				45285CC4249771D600018EEF /* ItemPlayer.h in Headers */,
				45285CF32497832F00018EEF /* ExceptionCatcher.h in Headers */,
			);
			runOnlyForDeploymentPostprocessing = 0;
		};
/* End PBXHeadersBuildPhase section */

/* Begin PBXNativeTarget section */
		45285CBE249771D600018EEF /* ItemPlayer */ = {
			isa = PBXNativeTarget;
			buildConfigurationList = 45285CC7249771D600018EEF /* Build configuration list for PBXNativeTarget "ItemPlayer" */;
			buildPhases = (
				45285CBA249771D600018EEF /* Headers */,
				45285CBB249771D600018EEF /* Sources */,
				45285CBC249771D600018EEF /* Frameworks */,
				45285CBD249771D600018EEF /* Resources */,
			);
			buildRules = (
			);
			dependencies = (
			);
			name = ItemPlayer;
			productName = ItemPlayer;
			productReference = 45285CBF249771D600018EEF /* ItemPlayer.framework */;
			productType = "com.apple.product-type.framework";
		};
/* End PBXNativeTarget section */

/* Begin PBXProject section */
		45285CB6249771D600018EEF /* Project object */ = {
			isa = PBXProject;
			attributes = {
				LastUpgradeCheck = 1150;
				ORGANIZATIONNAME = Stephen.Zeng;
				TargetAttributes = {
					45285CBE249771D600018EEF = {
						CreatedOnToolsVersion = 11.5;
						LastSwiftMigration = 1150;
					};
				};
			};
			buildConfigurationList = 45285CB9249771D600018EEF /* Build configuration list for PBXProject "ItemPlayer" */;
			compatibilityVersion = "Xcode 9.3";
			developmentRegion = en;
			hasScannedForEncodings = 0;
			knownRegions = (
				en,
				Base,
			);
			mainGroup = 45285CB5249771D600018EEF;
			productRefGroup = 45285CC0249771D600018EEF /* Products */;
			projectDirPath = "";
			projectRoot = "";
			targets = (
				45285CBE249771D600018EEF /* ItemPlayer */,
			);
		};
/* End PBXProject section */

/* Begin PBXResourcesBuildPhase section */
		45285CBD249771D600018EEF /* Resources */ = {
			isa = PBXResourcesBuildPhase;
			buildActionMask = 2147483647;
			files = (
			);
			runOnlyForDeploymentPostprocessing = 0;
		};
/* End PBXResourcesBuildPhase section */

/* Begin PBXSourcesBuildPhase section */
		45285CBB249771D600018EEF /* Sources */ = {
			isa = PBXSourcesBuildPhase;
			buildActionMask = 2147483647;
			files = (
				45285CE82497722900018EEF /* ItemPlayer.swift in Sources */,
				45285CE02497722900018EEF /* FileDownlaodingManager.swift in Sources */,
				AE4996182743BF360056BEEA /* NewCacheDownloader.swift in Sources */,
				45285CE12497722900018EEF /* CachePrinter.swift in Sources */,
				45285CE52497722900018EEF /* BasicFileData.swift in Sources */,
				45285CE72497722900018EEF /* PreDownloadManager.swift in Sources */,
				45285CDD2497722900018EEF /* CachePlayerItem.swift in Sources */,
				45285CE22497722900018EEF /* CacheFileHandler.swift in Sources */,
				45285CE32497722900018EEF /* CacheDownloader.swift in Sources */,
				45285CE62497722900018EEF /* CacheMetaData.swift in Sources */,
				45285CDE2497722900018EEF /* CachedItemResourceLoader.swift in Sources */,
				45285CDF2497722900018EEF /* CacheFilePathHelper.swift in Sources */,
				AEC608EC2684370F0068DE68 /* ItemPlayerObserverControl.swift in Sources */,
			);
			runOnlyForDeploymentPostprocessing = 0;
		};
/* End PBXSourcesBuildPhase section */

/* Begin XCBuildConfiguration section */
		45285CC5249771D600018EEF /* Debug */ = {
			isa = XCBuildConfiguration;
			buildSettings = {
				ALWAYS_SEARCH_USER_PATHS = NO;
				CLANG_ALLOW_NON_MODULAR_INCLUDES_IN_FRAMEWORK_MODULES = NO;
				CLANG_ANALYZER_NONNULL = YES;
				CLANG_ANALYZER_NUMBER_OBJECT_CONVERSION = YES_AGGRESSIVE;
				CLANG_CXX_LANGUAGE_STANDARD = "gnu++14";
				CLANG_CXX_LIBRARY = "libc++";
				CLANG_ENABLE_MODULES = YES;
				CLANG_ENABLE_OBJC_ARC = YES;
				CLANG_ENABLE_OBJC_WEAK = YES;
				CLANG_WARN_BLOCK_CAPTURE_AUTORELEASING = YES;
				CLANG_WARN_BOOL_CONVERSION = YES;
				CLANG_WARN_COMMA = YES;
				CLANG_WARN_CONSTANT_CONVERSION = YES;
				CLANG_WARN_DEPRECATED_OBJC_IMPLEMENTATIONS = YES;
				CLANG_WARN_DIRECT_OBJC_ISA_USAGE = YES_ERROR;
				CLANG_WARN_DOCUMENTATION_COMMENTS = YES;
				CLANG_WARN_EMPTY_BODY = YES;
				CLANG_WARN_ENUM_CONVERSION = YES;
				CLANG_WARN_INFINITE_RECURSION = YES;
				CLANG_WARN_INT_CONVERSION = YES;
				CLANG_WARN_NON_LITERAL_NULL_CONVERSION = YES;
				CLANG_WARN_OBJC_IMPLICIT_RETAIN_SELF = YES;
				CLANG_WARN_OBJC_LITERAL_CONVERSION = YES;
				CLANG_WARN_OBJC_ROOT_CLASS = YES_ERROR;
				CLANG_WARN_RANGE_LOOP_ANALYSIS = YES;
				CLANG_WARN_STRICT_PROTOTYPES = YES;
				CLANG_WARN_SUSPICIOUS_MOVE = YES;
				CLANG_WARN_UNGUARDED_AVAILABILITY = YES_AGGRESSIVE;
				CLANG_WARN_UNREACHABLE_CODE = YES;
				CLANG_WARN__DUPLICATE_METHOD_MATCH = YES;
				COPY_PHASE_STRIP = NO;
				CURRENT_PROJECT_VERSION = 1;
				DEBUG_INFORMATION_FORMAT = dwarf;
				ENABLE_STRICT_OBJC_MSGSEND = YES;
				ENABLE_TESTABILITY = YES;
				GCC_C_LANGUAGE_STANDARD = gnu11;
				GCC_DYNAMIC_NO_PIC = NO;
				GCC_NO_COMMON_BLOCKS = YES;
				GCC_OPTIMIZATION_LEVEL = 0;
				GCC_PREPROCESSOR_DEFINITIONS = (
					"DEBUG=1",
					"$(inherited)",
				);
				GCC_WARN_64_TO_32_BIT_CONVERSION = YES;
				GCC_WARN_ABOUT_RETURN_TYPE = YES_ERROR;
				GCC_WARN_UNDECLARED_SELECTOR = YES;
				GCC_WARN_UNINITIALIZED_AUTOS = YES_AGGRESSIVE;
				GCC_WARN_UNUSED_FUNCTION = YES;
				GCC_WARN_UNUSED_VARIABLE = YES;
				IPHONEOS_DEPLOYMENT_TARGET = 9.0;
				MTL_ENABLE_DEBUG_INFO = INCLUDE_SOURCE;
				MTL_FAST_MATH = YES;
				ONLY_ACTIVE_ARCH = YES;
				SDKROOT = iphoneos;
				SWIFT_ACTIVE_COMPILATION_CONDITIONS = DEBUG;
				SWIFT_OPTIMIZATION_LEVEL = "-Onone";
				VERSIONING_SYSTEM = "apple-generic";
				VERSION_INFO_PREFIX = "";
			};
			name = Debug;
		};
		45285CC6249771D600018EEF /* Release */ = {
			isa = XCBuildConfiguration;
			buildSettings = {
				ALWAYS_SEARCH_USER_PATHS = NO;
				CLANG_ALLOW_NON_MODULAR_INCLUDES_IN_FRAMEWORK_MODULES = NO;
				CLANG_ANALYZER_NONNULL = YES;
				CLANG_ANALYZER_NUMBER_OBJECT_CONVERSION = YES_AGGRESSIVE;
				CLANG_CXX_LANGUAGE_STANDARD = "gnu++14";
				CLANG_CXX_LIBRARY = "libc++";
				CLANG_ENABLE_MODULES = YES;
				CLANG_ENABLE_OBJC_ARC = YES;
				CLANG_ENABLE_OBJC_WEAK = YES;
				CLANG_WARN_BLOCK_CAPTURE_AUTORELEASING = YES;
				CLANG_WARN_BOOL_CONVERSION = YES;
				CLANG_WARN_COMMA = YES;
				CLANG_WARN_CONSTANT_CONVERSION = YES;
				CLANG_WARN_DEPRECATED_OBJC_IMPLEMENTATIONS = YES;
				CLANG_WARN_DIRECT_OBJC_ISA_USAGE = YES_ERROR;
				CLANG_WARN_DOCUMENTATION_COMMENTS = YES;
				CLANG_WARN_EMPTY_BODY = YES;
				CLANG_WARN_ENUM_CONVERSION = YES;
				CLANG_WARN_INFINITE_RECURSION = YES;
				CLANG_WARN_INT_CONVERSION = YES;
				CLANG_WARN_NON_LITERAL_NULL_CONVERSION = YES;
				CLANG_WARN_OBJC_IMPLICIT_RETAIN_SELF = YES;
				CLANG_WARN_OBJC_LITERAL_CONVERSION = YES;
				CLANG_WARN_OBJC_ROOT_CLASS = YES_ERROR;
				CLANG_WARN_RANGE_LOOP_ANALYSIS = YES;
				CLANG_WARN_STRICT_PROTOTYPES = YES;
				CLANG_WARN_SUSPICIOUS_MOVE = YES;
				CLANG_WARN_UNGUARDED_AVAILABILITY = YES_AGGRESSIVE;
				CLANG_WARN_UNREACHABLE_CODE = YES;
				CLANG_WARN__DUPLICATE_METHOD_MATCH = YES;
				COPY_PHASE_STRIP = NO;
				CURRENT_PROJECT_VERSION = 1;
				DEBUG_INFORMATION_FORMAT = "dwarf-with-dsym";
				ENABLE_NS_ASSERTIONS = NO;
				ENABLE_STRICT_OBJC_MSGSEND = YES;
				GCC_C_LANGUAGE_STANDARD = gnu11;
				GCC_NO_COMMON_BLOCKS = YES;
				GCC_WARN_64_TO_32_BIT_CONVERSION = YES;
				GCC_WARN_ABOUT_RETURN_TYPE = YES_ERROR;
				GCC_WARN_UNDECLARED_SELECTOR = YES;
				GCC_WARN_UNINITIALIZED_AUTOS = YES_AGGRESSIVE;
				GCC_WARN_UNUSED_FUNCTION = YES;
				GCC_WARN_UNUSED_VARIABLE = YES;
				IPHONEOS_DEPLOYMENT_TARGET = 9.0;
				MTL_ENABLE_DEBUG_INFO = NO;
				MTL_FAST_MATH = YES;
				SDKROOT = iphoneos;
				SWIFT_COMPILATION_MODE = wholemodule;
				SWIFT_OPTIMIZATION_LEVEL = "-O";
				VALIDATE_PRODUCT = YES;
				VERSIONING_SYSTEM = "apple-generic";
				VERSION_INFO_PREFIX = "";
			};
			name = Release;
		};
		45285CC8249771D600018EEF /* Debug */ = {
			isa = XCBuildConfiguration;
			buildSettings = {
				CLANG_ALLOW_NON_MODULAR_INCLUDES_IN_FRAMEWORK_MODULES = NO;
				CLANG_ENABLE_MODULES = YES;
				CODE_SIGN_STYLE = Automatic;
				DEFINES_MODULE = YES;
				DEVELOPMENT_TEAM = 99LS6VV75W;
				DYLIB_COMPATIBILITY_VERSION = 1;
				DYLIB_CURRENT_VERSION = 1;
				DYLIB_INSTALL_NAME_BASE = "@rpath";
				INFOPLIST_FILE = ItemPlayer/Info.plist;
				INSTALL_PATH = "$(LOCAL_LIBRARY_DIR)/Frameworks";
				LD_RUNPATH_SEARCH_PATHS = (
					"$(inherited)",
					"@executable_path/Frameworks",
					"@loader_path/Frameworks",
				);
				PRODUCT_BUNDLE_IDENTIFIER = Stephen.Zeng.ItemPlayer;
				PRODUCT_NAME = "$(TARGET_NAME:c99extidentifier)";
				SKIP_INSTALL = YES;
				SUPPORTS_MACCATALYST = NO;
				SWIFT_OPTIMIZATION_LEVEL = "-Onone";
				SWIFT_VERSION = 5.0;
				TARGETED_DEVICE_FAMILY = 1;
			};
			name = Debug;
		};
		45285CC9249771D600018EEF /* Release */ = {
			isa = XCBuildConfiguration;
			buildSettings = {
				CLANG_ALLOW_NON_MODULAR_INCLUDES_IN_FRAMEWORK_MODULES = NO;
				CLANG_ENABLE_MODULES = YES;
				CODE_SIGN_STYLE = Automatic;
				DEFINES_MODULE = YES;
				DEVELOPMENT_TEAM = 99LS6VV75W;
				DYLIB_COMPATIBILITY_VERSION = 1;
				DYLIB_CURRENT_VERSION = 1;
				DYLIB_INSTALL_NAME_BASE = "@rpath";
				INFOPLIST_FILE = ItemPlayer/Info.plist;
				INSTALL_PATH = "$(LOCAL_LIBRARY_DIR)/Frameworks";
				LD_RUNPATH_SEARCH_PATHS = (
					"$(inherited)",
					"@executable_path/Frameworks",
					"@loader_path/Frameworks",
				);
				OTHER_SWIFT_FLAGS = "-D RELEASE";
				PRODUCT_BUNDLE_IDENTIFIER = Stephen.Zeng.ItemPlayer;
				PRODUCT_NAME = "$(TARGET_NAME:c99extidentifier)";
				SKIP_INSTALL = YES;
				SUPPORTS_MACCATALYST = NO;
				SWIFT_VERSION = 5.0;
				TARGETED_DEVICE_FAMILY = 1;
			};
			name = Release;
		};
		45380E2F2498A13B0000D61A /* PreRelease */ = {
			isa = XCBuildConfiguration;
			buildSettings = {
				ALWAYS_SEARCH_USER_PATHS = NO;
				CLANG_ALLOW_NON_MODULAR_INCLUDES_IN_FRAMEWORK_MODULES = NO;
				CLANG_ANALYZER_NONNULL = YES;
				CLANG_ANALYZER_NUMBER_OBJECT_CONVERSION = YES_AGGRESSIVE;
				CLANG_CXX_LANGUAGE_STANDARD = "gnu++14";
				CLANG_CXX_LIBRARY = "libc++";
				CLANG_ENABLE_MODULES = YES;
				CLANG_ENABLE_OBJC_ARC = YES;
				CLANG_ENABLE_OBJC_WEAK = YES;
				CLANG_WARN_BLOCK_CAPTURE_AUTORELEASING = YES;
				CLANG_WARN_BOOL_CONVERSION = YES;
				CLANG_WARN_COMMA = YES;
				CLANG_WARN_CONSTANT_CONVERSION = YES;
				CLANG_WARN_DEPRECATED_OBJC_IMPLEMENTATIONS = YES;
				CLANG_WARN_DIRECT_OBJC_ISA_USAGE = YES_ERROR;
				CLANG_WARN_DOCUMENTATION_COMMENTS = YES;
				CLANG_WARN_EMPTY_BODY = YES;
				CLANG_WARN_ENUM_CONVERSION = YES;
				CLANG_WARN_INFINITE_RECURSION = YES;
				CLANG_WARN_INT_CONVERSION = YES;
				CLANG_WARN_NON_LITERAL_NULL_CONVERSION = YES;
				CLANG_WARN_OBJC_IMPLICIT_RETAIN_SELF = YES;
				CLANG_WARN_OBJC_LITERAL_CONVERSION = YES;
				CLANG_WARN_OBJC_ROOT_CLASS = YES_ERROR;
				CLANG_WARN_RANGE_LOOP_ANALYSIS = YES;
				CLANG_WARN_STRICT_PROTOTYPES = YES;
				CLANG_WARN_SUSPICIOUS_MOVE = YES;
				CLANG_WARN_UNGUARDED_AVAILABILITY = YES_AGGRESSIVE;
				CLANG_WARN_UNREACHABLE_CODE = YES;
				CLANG_WARN__DUPLICATE_METHOD_MATCH = YES;
				COPY_PHASE_STRIP = NO;
				CURRENT_PROJECT_VERSION = 1;
				DEBUG_INFORMATION_FORMAT = dwarf;
				ENABLE_STRICT_OBJC_MSGSEND = YES;
				ENABLE_TESTABILITY = YES;
				GCC_C_LANGUAGE_STANDARD = gnu11;
				GCC_DYNAMIC_NO_PIC = NO;
				GCC_NO_COMMON_BLOCKS = YES;
				GCC_OPTIMIZATION_LEVEL = 0;
				GCC_PREPROCESSOR_DEFINITIONS = (
					"DEBUG=1",
					"$(inherited)",
				);
				GCC_WARN_64_TO_32_BIT_CONVERSION = YES;
				GCC_WARN_ABOUT_RETURN_TYPE = YES_ERROR;
				GCC_WARN_UNDECLARED_SELECTOR = YES;
				GCC_WARN_UNINITIALIZED_AUTOS = YES_AGGRESSIVE;
				GCC_WARN_UNUSED_FUNCTION = YES;
				GCC_WARN_UNUSED_VARIABLE = YES;
				IPHONEOS_DEPLOYMENT_TARGET = 9.0;
				MTL_ENABLE_DEBUG_INFO = INCLUDE_SOURCE;
				MTL_FAST_MATH = YES;
				ONLY_ACTIVE_ARCH = YES;
				SDKROOT = iphoneos;
				SWIFT_ACTIVE_COMPILATION_CONDITIONS = DEBUG;
				SWIFT_OPTIMIZATION_LEVEL = "-Onone";
				VERSIONING_SYSTEM = "apple-generic";
				VERSION_INFO_PREFIX = "";
			};
			name = PreRelease;
		};
		45380E302498A13B0000D61A /* PreRelease */ = {
			isa = XCBuildConfiguration;
			buildSettings = {
				CLANG_ALLOW_NON_MODULAR_INCLUDES_IN_FRAMEWORK_MODULES = NO;
				CLANG_ENABLE_MODULES = YES;
				CODE_SIGN_STYLE = Automatic;
				DEFINES_MODULE = YES;
				DEVELOPMENT_TEAM = 99LS6VV75W;
				DYLIB_COMPATIBILITY_VERSION = 1;
				DYLIB_CURRENT_VERSION = 1;
				DYLIB_INSTALL_NAME_BASE = "@rpath";
				INFOPLIST_FILE = ItemPlayer/Info.plist;
				INSTALL_PATH = "$(LOCAL_LIBRARY_DIR)/Frameworks";
				LD_RUNPATH_SEARCH_PATHS = (
					"$(inherited)",
					"@executable_path/Frameworks",
					"@loader_path/Frameworks",
				);
				PRODUCT_BUNDLE_IDENTIFIER = Stephen.Zeng.ItemPlayer;
				PRODUCT_NAME = "$(TARGET_NAME:c99extidentifier)";
				SKIP_INSTALL = YES;
				SUPPORTS_MACCATALYST = NO;
				SWIFT_OPTIMIZATION_LEVEL = "-Onone";
				SWIFT_VERSION = 5.0;
				TARGETED_DEVICE_FAMILY = 1;
			};
			name = PreRelease;
		};
/* End XCBuildConfiguration section */

/* Begin XCConfigurationList section */
		45285CB9249771D600018EEF /* Build configuration list for PBXProject "ItemPlayer" */ = {
			isa = XCConfigurationList;
			buildConfigurations = (
				45285CC5249771D600018EEF /* Debug */,
				45380E2F2498A13B0000D61A /* PreRelease */,
				45285CC6249771D600018EEF /* Release */,
			);
			defaultConfigurationIsVisible = 0;
			defaultConfigurationName = Release;
		};
		45285CC7249771D600018EEF /* Build configuration list for PBXNativeTarget "ItemPlayer" */ = {
			isa = XCConfigurationList;
			buildConfigurations = (
				45285CC8249771D600018EEF /* Debug */,
				45380E302498A13B0000D61A /* PreRelease */,
				45285CC9249771D600018EEF /* Release */,
			);
			defaultConfigurationIsVisible = 0;
			defaultConfigurationName = Release;
		};
/* End XCConfigurationList section */
	};
	rootObject = 45285CB6249771D600018EEF /* Project object */;
}
